
Microsoft Visual Studio Solution File, Format Version 12.00
Project("{FAE04EC0-301F-11D3-BF4B-00C04F79EFBC}") = "UserService", "UserService\UserService.csproj", "{085453A7-05B9-45EC-BB8B-E6D28E0AADB5}"
EndProject
Project("{FAE04EC0-301F-11D3-BF4B-00C04F79EFBC}") = "ProductService", "ProductService\ProductService.csproj", "{8053C388-0FAE-424E-A866-CEA80449072F}"
EndProject
Project("{FAE04EC0-301F-11D3-BF4B-00C04F79EFBC}") = "CartService", "CartService\CartService.csproj", "{5C4B1E5F-1271-4F59-AE92-A89C5189BCB3}"
EndProject
Project("{FAE04EC0-301F-11D3-BF4B-00C04F79EFBC}") = "OrderService", "OrderService\OrderService.csproj", "{5188F3F7-1370-4529-8463-D230FBA42842}"
EndProject
Project("{FAE04EC0-301F-11D3-BF4B-00C04F79EFBC}") = "PaymentService", "PaymentService\PaymentService.csproj", "{4AC51E77-9D9A-4D1C-BC5D-34F322D4B935}"
EndProject
Project("{FAE04EC0-301F-11D3-BF4B-00C04F79EFBC}") = "Shared", "Shared\Shared.csproj", "{C2D926B7-060B-4045-9E4D-F60B6FA3E7FB}"
EndProject
Project("{FAE04EC0-301F-11D3-BF4B-00C04F79EFBC}") = "Tests", "Tests\Tests.csproj", "{7156909C-41C0-44F2-91EB-8EF51BB1345A}"
EndProject
Global
	GlobalSection(SolutionConfigurationPlatforms) = preSolution
		Debug|Any CPU = Debug|Any CPU
		Release|Any CPU = Release|Any CPU
	EndGlobalSection
	GlobalSection(ProjectConfigurationPlatforms) = postSolution
		{085453A7-05B9-45EC-BB8B-E6D28E0AADB5}.Debug|Any CPU.ActiveCfg = Debug|Any CPU
		{085453A7-05B9-45EC-BB8B-E6D28E0AADB5}.Debug|Any CPU.Build.0 = Debug|Any CPU
		{085453A7-05B9-45EC-BB8B-E6D28E0AADB5}.Release|Any CPU.ActiveCfg = Release|Any CPU
		{085453A7-05B9-45EC-BB8B-E6D28E0AADB5}.Release|Any CPU.Build.0 = Release|Any CPU
		{8053C388-0FAE-424E-A866-CEA80449072F}.Debug|Any CPU.ActiveCfg = Debug|Any CPU
		{8053C388-0FAE-424E-A866-CEA80449072F}.Debug|Any CPU.Build.0 = Debug|Any CPU
		{8053C388-0FAE-424E-A866-CEA80449072F}.Release|Any CPU.ActiveCfg = Release|Any CPU
		{8053C388-0FAE-424E-A866-CEA80449072F}.Release|Any CPU.Build.0 = Release|Any CPU
		{5C4B1E5F-1271-4F59-AE92-A89C5189BCB3}.Debug|Any CPU.ActiveCfg = Debug|Any CPU
		{5C4B1E5F-1271-4F59-AE92-A89C5189BCB3}.Debug|Any CPU.Build.0 = Debug|Any CPU
		{5C4B1E5F-1271-4F59-AE92-A89C5189BCB3}.Release|Any CPU.ActiveCfg = Release|Any CPU
		{5C4B1E5F-1271-4F59-AE92-A89C5189BCB3}.Release|Any CPU.Build.0 = Release|Any CPU
		{5188F3F7-1370-4529-8463-D230FBA42842}.Debug|Any CPU.ActiveCfg = Debug|Any CPU
		{5188F3F7-1370-4529-8463-D230FBA42842}.Debug|Any CPU.Build.0 = Debug|Any CPU
		{5188F3F7-1370-4529-8463-D230FBA42842}.Release|Any CPU.ActiveCfg = Release|Any CPU
		{5188F3F7-1370-4529-8463-D230FBA42842}.Release|Any CPU.Build.0 = Release|Any CPU
		{4AC51E77-9D9A-4D1C-BC5D-34F322D4B935}.Debug|Any CPU.ActiveCfg = Debug|Any CPU
		{4AC51E77-9D9A-4D1C-BC5D-34F322D4B935}.Debug|Any CPU.Build.0 = Debug|Any CPU
		{4AC51E77-9D9A-4D1C-BC5D-34F322D4B935}.Release|Any CPU.ActiveCfg = Release|Any CPU
		{4AC51E77-9D9A-4D1C-BC5D-34F322D4B935}.Release|Any CPU.Build.0 = Release|Any CPU
		{C2D926B7-060B-4045-9E4D-F60B6FA3E7FB}.Debug|Any CPU.ActiveCfg = Debug|Any CPU
		{C2D926B7-060B-4045-9E4D-F60B6FA3E7FB}.Debug|Any CPU.Build.0 = Debug|Any CPU
		{C2D926B7-060B-4045-9E4D-F60B6FA3E7FB}.Release|Any CPU.ActiveCfg = Release|Any CPU
		{C2D926B7-060B-4045-9E4D-F60B6FA3E7FB}.Release|Any CPU.Build.0 = Release|Any CPU
		{7156909C-41C0-44F2-91EB-8EF51BB1345A}.Debug|Any CPU.ActiveCfg = Debug|Any CPU
		{7156909C-41C0-44F2-91EB-8EF51BB1345A}.Debug|Any CPU.Build.0 = Debug|Any CPU
		{7156909C-41C0-44F2-91EB-8EF51BB1345A}.Release|Any CPU.ActiveCfg = Release|Any CPU
		{7156909C-41C0-44F2-91EB-8EF51BB1345A}.Release|Any CPU.Build.0 = Release|Any CPU
	EndGlobalSection
EndGlobal
